
Microsoft Visual Studio Solution File, Format Version 12.00
# Visual Studio Version 16
VisualStudioVersion = 16.0.31702.278
MinimumVisualStudioVersion = 10.0.40219.1
Project("{FAE04EC0-301F-11D3-BF4B-00C04F79EFBC}") = "WebApi", "WebApi\WebApi.csproj", "{089A700F-55B4-40FC-9D75-904022320A9D}"
EndProject
Project("{FAE04EC0-301F-11D3-BF4B-00C04F79EFBC}") = "PlataformaOceano.Models", "PlataformaOceano.Models\PlataformaOceano.Models.csproj", "{B8C0F937-3DCA-484F-BC2D-A686EB037639}"
EndProject
Project("{FAE04EC0-301F-11D3-BF4B-00C04F79EFBC}") = "PlataformaOceano.Core", "PlataformaOceano.Core\PlataformaOceano.Core.csproj", "{D1F59432-F915-4035-9E3F-F9AA0F60AEF6}"
EndProject
Project("{FAE04EC0-301F-11D3-BF4B-00C04F79EFBC}") = "Database", "Database\Database.csproj", "{E5A81F8B-DD54-4542-82D4-4133F265B59A}"
EndProject
Global
	GlobalSection(SolutionConfigurationPlatforms) = preSolution
		Debug|Any CPU = Debug|Any CPU
		Release|Any CPU = Release|Any CPU
	EndGlobalSection
	GlobalSection(ProjectConfigurationPlatforms) = postSolution
		{089A700F-55B4-40FC-9D75-904022320A9D}.Debug|Any CPU.ActiveCfg = Debug|Any CPU
		{089A700F-55B4-40FC-9D75-904022320A9D}.Debug|Any CPU.Build.0 = Debug|Any CPU
		{089A700F-55B4-40FC-9D75-904022320A9D}.Release|Any CPU.ActiveCfg = Release|Any CPU
		{089A700F-55B4-40FC-9D75-904022320A9D}.Release|Any CPU.Build.0 = Release|Any CPU
		{B8C0F937-3DCA-484F-BC2D-A686EB037639}.Debug|Any CPU.ActiveCfg = Debug|Any CPU
		{B8C0F937-3DCA-484F-BC2D-A686EB037639}.Debug|Any CPU.Build.0 = Debug|Any CPU
		{B8C0F937-3DCA-484F-BC2D-A686EB037639}.Release|Any CPU.ActiveCfg = Release|Any CPU
		{B8C0F937-3DCA-484F-BC2D-A686EB037639}.Release|Any CPU.Build.0 = Release|Any CPU
		{D1F59432-F915-4035-9E3F-F9AA0F60AEF6}.Debug|Any CPU.ActiveCfg = Debug|Any CPU
		{D1F59432-F915-4035-9E3F-F9AA0F60AEF6}.Debug|Any CPU.Build.0 = Debug|Any CPU
		{D1F59432-F915-4035-9E3F-F9AA0F60AEF6}.Release|Any CPU.ActiveCfg = Release|Any CPU
		{D1F59432-F915-4035-9E3F-F9AA0F60AEF6}.Release|Any CPU.Build.0 = Release|Any CPU
		{E5A81F8B-DD54-4542-82D4-4133F265B59A}.Debug|Any CPU.ActiveCfg = Debug|Any CPU
		{E5A81F8B-DD54-4542-82D4-4133F265B59A}.Debug|Any CPU.Build.0 = Debug|Any CPU
		{E5A81F8B-DD54-4542-82D4-4133F265B59A}.Release|Any CPU.ActiveCfg = Release|Any CPU
		{E5A81F8B-DD54-4542-82D4-4133F265B59A}.Release|Any CPU.Build.0 = Release|Any CPU
	EndGlobalSection
	GlobalSection(SolutionProperties) = preSolution
		HideSolutionNode = FALSE
	EndGlobalSection
	GlobalSection(ExtensibilityGlobals) = postSolution
		SolutionGuid = {2A2651E5-CC89-4906-B4F6-39E798822BBD}
	EndGlobalSection
EndGlobal
